schema: '2.0'
stages:
  data_ingestion:
    cmd: python src/chestCancerClassifier/pipeline/stage_01_data_ingestion.py
    deps:
    - path: config/config.yaml
      hash: md5
      md5: 04a3a6242d513c498a9cce5e65456877
      size: 586
    - path: src/chestCancerClassifier/pipeline/stage_01_data_ingestion.py
      hash: md5
      md5: b7993b06eef4149c5f026a2aca0f95c2
      size: 938
    outs:
    - path: artifacts/data_ingestion/Chest-CT-Scan-data
      hash: md5
      md5: 904fa45d934ce879b3b1933dca6cb2f1.dir
      size: 49247431
      nfiles: 343
  prepare_base_model:
    cmd: python src/chestCancerClassifier/pipeline/stage_02_prepare_base_model.py
    deps:
    - path: config/config.yaml
      hash: md5
      md5: 04a3a6242d513c498a9cce5e65456877
      size: 586
    - path: src/chestCancerClassifier/pipeline/stage_02_prepare_base_model.py
      hash: md5
      md5: 97d31faedb34fa2d57f69974becdc59c
      size: 1025
    params:
      params.yaml:
        CLASSES: 2
        IMAGE_SIZE:
        - 224
        - 224
        - 3
        INCLUDE_TOP: false
        LEARNING_RATE: 0.02
        WEIGHTS: imagenet
    outs:
    - path: artifacts/prepare_base_model
      hash: md5
      md5: a9ff7fca9d7d3780f740e20ebdacbfac.dir
      size: 118054560
      nfiles: 2
  training:
    cmd: python src/chestCancerClassifier/pipeline/stage_03_model_trainer.py
    deps:
    - path: artifacts/data_ingestion/Chest-CT-Scan-data
      hash: md5
      md5: 904fa45d934ce879b3b1933dca6cb2f1.dir
      size: 49247431
      nfiles: 343
    - path: artifacts/prepare_base_model
      hash: md5
      md5: a9ff7fca9d7d3780f740e20ebdacbfac.dir
      size: 118054560
      nfiles: 2
    - path: config/config.yaml
      hash: md5
      md5: 04a3a6242d513c498a9cce5e65456877
      size: 586
    - path: src/chestCancerClassifier/pipeline/stage_03_model_trainer.py
      hash: md5
      md5: 094d420c5e5c3f549dca67c0d8bbdebd
      size: 941
    params:
      params.yaml:
        AUGMENTATION: true
        BATCH_SIZE: 16
        EPOCHS: 3
        IMAGE_SIZE:
        - 224
        - 224
        - 3
    outs:
    - path: artifacts/training/model.h5
      hash: md5
      md5: 9fcedc16cb7af840c631ed8420e4ad42
      size: 59337520
  evaluation:
    cmd: python src/chestCancerClassifier/pipeline/stage_04_model_evaluation_mlflow.py
    deps:
    - path: artifacts/data_ingestion/Chest-CT-Scan-data
      hash: md5
      md5: 904fa45d934ce879b3b1933dca6cb2f1.dir
      size: 49247431
      nfiles: 343
    - path: artifacts/training/model.h5
      hash: md5
      md5: 9fcedc16cb7af840c631ed8420e4ad42
      size: 59337520
    - path: config/config.yaml
      hash: md5
      md5: 04a3a6242d513c498a9cce5e65456877
      size: 586
    - path: src/chestCancerClassifier/pipeline/stage_04_model_evaluation_mlflow.py
      hash: md5
      md5: 9d6baf34a869a32ac57f7c4c6fc2647c
      size: 955
    params:
      params.yaml:
        BATCH_SIZE: 16
        IMAGE_SIZE:
        - 224
        - 224
        - 3
    outs:
    - path: scores.json
      hash: md5
      md5: 4c91db36ce51dc7f7589b25b45f0bb18
      size: 72
